
Microsoft Visual Studio Solution File, Format Version 12.00
# Visual Studio Version 17
VisualStudioVersion = 17.4.33213.308
MinimumVisualStudioVersion = 10.0.40219.1
Project("{FAE04EC0-301F-11D3-BF4B-00C04F79EFBC}") = "ProjetoTI18NVDD", "ProjetoTI18NVDD\ProjetoTI18NVDD.csproj", "{D8B0AE95-A4DB-4AEF-9A1B-876C93DE731B}"
EndProject
Global
	GlobalSection(SolutionConfigurationPlatforms) = preSolution
		Debug|Any CPU = Debug|Any CPU
		Release|Any CPU = Release|Any CPU
	EndGlobalSection
	GlobalSection(ProjectConfigurationPlatforms) = postSolution
		{D8B0AE95-A4DB-4AEF-9A1B-876C93DE731B}.Debug|Any CPU.ActiveCfg = Debug|Any CPU
		{D8B0AE95-A4DB-4AEF-9A1B-876C93DE731B}.Debug|Any CPU.Build.0 = Debug|Any CPU
		{D8B0AE95-A4DB-4AEF-9A1B-876C93DE731B}.Release|Any CPU.ActiveCfg = Release|Any CPU
		{D8B0AE95-A4DB-4AEF-9A1B-876C93DE731B}.Release|Any CPU.Build.0 = Release|Any CPU
	EndGlobalSection
	GlobalSection(SolutionProperties) = preSolution
		HideSolutionNode = FALSE
	EndGlobalSection
	GlobalSection(ExtensibilityGlobals) = postSolution
		SolutionGuid = {0759F298-71CF-4734-B270-FFB48318B435}
	EndGlobalSection
EndGlobal
